// !$*UTF8*$!
{
	archiveVersion = 1;
	classes = {
	};
	objectVersion = 50;
	objects = {

/* Begin PBXBuildFile section */
		3D1C364623679D8F00A118C8 /* AppDelegate.swift in Sources */ = {isa = PBXBuildFile; fileRef = 3D1C364523679D8E00A118C8 /* AppDelegate.swift */; };
		3D1C364823679D8F00A118C8 /* SceneDelegate.swift in Sources */ = {isa = PBXBuildFile; fileRef = 3D1C364723679D8F00A118C8 /* SceneDelegate.swift */; };
		3D1C364F23679D9100A118C8 /* Assets.xcassets in Resources */ = {isa = PBXBuildFile; fileRef = 3D1C364E23679D9100A118C8 /* Assets.xcassets */; };
		3D1C365223679D9100A118C8 /* LaunchScreen.storyboard in Resources */ = {isa = PBXBuildFile; fileRef = 3D1C365023679D9100A118C8 /* LaunchScreen.storyboard */; };
		3D1C365D23679D9100A118C8 /* CalculatorTests.swift in Sources */ = {isa = PBXBuildFile; fileRef = 3D1C365C23679D9100A118C8 /* CalculatorTests.swift */; };
		3D1C366823679D9100A118C8 /* CalculatorUITests.swift in Sources */ = {isa = PBXBuildFile; fileRef = 3D1C366723679D9100A118C8 /* CalculatorUITests.swift */; };
		6E4B7E1D23975F3500F98FCA /* Calculator.swift in Sources */ = {isa = PBXBuildFile; fileRef = 6E4B7E1C23975F3500F98FCA /* Calculator.swift */; };
		6E4B7E202397648800F98FCA /* CalculatorViewController.swift in Sources */ = {isa = PBXBuildFile; fileRef = 6E4B7E1F2397648800F98FCA /* CalculatorViewController.swift */; };
		6E4B7E66239F36EB00F98FCA /* Main.storyboard in Resources */ = {isa = PBXBuildFile; fileRef = 6E4B7E65239F36EB00F98FCA /* Main.storyboard */; };
/* End PBXBuildFile section */

/* Begin PBXContainerItemProxy section */
		3D1C365923679D9100A118C8 /* PBXContainerItemProxy */ = {
			isa = PBXContainerItemProxy;
			containerPortal = 3D1C363A23679D8E00A118C8 /* Project object */;
			proxyType = 1;
			remoteGlobalIDString = 3D1C364123679D8E00A118C8;
			remoteInfo = Calculator;
		};
		3D1C366423679D9100A118C8 /* PBXContainerItemProxy */ = {
			isa = PBXContainerItemProxy;
			containerPortal = 3D1C363A23679D8E00A118C8 /* Project object */;
			proxyType = 1;
			remoteGlobalIDString = 3D1C364123679D8E00A118C8;
			remoteInfo = Calculator;
		};
/* End PBXContainerItemProxy section */

/* Begin PBXFileReference section */
		3D1C364223679D8E00A118C8 /* Calculator.app */ = {isa = PBXFileReference; explicitFileType = wrapper.application; includeInIndex = 0; path = Calculator.app; sourceTree = BUILT_PRODUCTS_DIR; };
		3D1C364523679D8E00A118C8 /* AppDelegate.swift */ = {isa = PBXFileReference; lastKnownFileType = sourcecode.swift; path = AppDelegate.swift; sourceTree = "<group>"; };
		3D1C364723679D8F00A118C8 /* SceneDelegate.swift */ = {isa = PBXFileReference; lastKnownFileType = sourcecode.swift; path = SceneDelegate.swift; sourceTree = "<group>"; };
		3D1C364E23679D9100A118C8 /* Assets.xcassets */ = {isa = PBXFileReference; lastKnownFileType = folder.assetcatalog; path = Assets.xcassets; sourceTree = "<group>"; };
		3D1C365123679D9100A118C8 /* Base */ = {isa = PBXFileReference; lastKnownFileType = file.storyboard; name = Base; path = Base.lproj/LaunchScreen.storyboard; sourceTree = "<group>"; };
		3D1C365323679D9100A118C8 /* Info.plist */ = {isa = PBXFileReference; lastKnownFileType = text.plist.xml; path = Info.plist; sourceTree = "<group>"; };
		3D1C365823679D9100A118C8 /* CalculatorTests.xctest */ = {isa = PBXFileReference; explicitFileType = wrapper.cfbundle; includeInIndex = 0; path = CalculatorTests.xctest; sourceTree = BUILT_PRODUCTS_DIR; };
		3D1C365C23679D9100A118C8 /* CalculatorTests.swift */ = {isa = PBXFileReference; lastKnownFileType = sourcecode.swift; path = CalculatorTests.swift; sourceTree = "<group>"; };
		3D1C365E23679D9100A118C8 /* Info.plist */ = {isa = PBXFileReference; lastKnownFileType = text.plist.xml; path = Info.plist; sourceTree = "<group>"; };
		3D1C366323679D9100A118C8 /* CalculatorUITests.xctest */ = {isa = PBXFileReference; explicitFileType = wrapper.cfbundle; includeInIndex = 0; path = CalculatorUITests.xctest; sourceTree = BUILT_PRODUCTS_DIR; };
		3D1C366723679D9100A118C8 /* CalculatorUITests.swift */ = {isa = PBXFileReference; lastKnownFileType = sourcecode.swift; path = CalculatorUITests.swift; sourceTree = "<group>"; };
		3D1C366923679D9100A118C8 /* Info.plist */ = {isa = PBXFileReference; lastKnownFileType = text.plist.xml; path = Info.plist; sourceTree = "<group>"; };
		6E4B7E1C23975F3500F98FCA /* Calculator.swift */ = {isa = PBXFileReference; lastKnownFileType = sourcecode.swift; path = Calculator.swift; sourceTree = "<group>"; };
		6E4B7E1F2397648800F98FCA /* CalculatorViewController.swift */ = {isa = PBXFileReference; lastKnownFileType = sourcecode.swift; path = CalculatorViewController.swift; sourceTree = "<group>"; };
		6E4B7E65239F36EB00F98FCA /* Main.storyboard */ = {isa = PBXFileReference; fileEncoding = 4; lastKnownFileType = file.storyboard; path = Main.storyboard; sourceTree = "<group>"; };
/* End PBXFileReference section */

/* Begin PBXFrameworksBuildPhase section */
		3D1C363F23679D8E00A118C8 /* Frameworks */ = {
			isa = PBXFrameworksBuildPhase;
			buildActionMask = 2147483647;
			files = (
			);
			runOnlyForDeploymentPostprocessing = 0;
		};
		3D1C365523679D9100A118C8 /* Frameworks */ = {
			isa = PBXFrameworksBuildPhase;
			buildActionMask = 2147483647;
			files = (
			);
			runOnlyForDeploymentPostprocessing = 0;
		};
		3D1C366023679D9100A118C8 /* Frameworks */ = {
			isa = PBXFrameworksBuildPhase;
			buildActionMask = 2147483647;
			files = (
			);
			runOnlyForDeploymentPostprocessing = 0;
		};
/* End PBXFrameworksBuildPhase section */

/* Begin PBXGroup section */
		3D1C363923679D8E00A118C8 = {
			isa = PBXGroup;
			children = (
				3D1C364423679D8E00A118C8 /* Calculator */,
				3D1C365B23679D9100A118C8 /* CalculatorTests */,
				3D1C366623679D9100A118C8 /* CalculatorUITests */,
				3D1C364323679D8E00A118C8 /* Products */,
			);
			sourceTree = "<group>";
		};
		3D1C364323679D8E00A118C8 /* Products */ = {
			isa = PBXGroup;
			children = (
				3D1C364223679D8E00A118C8 /* Calculator.app */,
				3D1C365823679D9100A118C8 /* CalculatorTests.xctest */,
				3D1C366323679D9100A118C8 /* CalculatorUITests.xctest */,
			);
			name = Products;
			sourceTree = "<group>";
		};
		3D1C364423679D8E00A118C8 /* Calculator */ = {
			isa = PBXGroup;
			children = (
				6E4B7E1E23975F3A00F98FCA /* Model */,
				6E4B7E212397648F00F98FCA /* View Controllers */,
				6E4D4E462396190200EFD038 /* Storyboards */,
				6E4D4E472396191200EFD038 /* Resources */,
			);
			path = Calculator;
			sourceTree = "<group>";
		};
		3D1C365B23679D9100A118C8 /* CalculatorTests */ = {
			isa = PBXGroup;
			children = (
				3D1C365C23679D9100A118C8 /* CalculatorTests.swift */,
				3D1C365E23679D9100A118C8 /* Info.plist */,
			);
			path = CalculatorTests;
			sourceTree = "<group>";
		};
		3D1C366623679D9100A118C8 /* CalculatorUITests */ = {
			isa = PBXGroup;
			children = (
				3D1C366723679D9100A118C8 /* CalculatorUITests.swift */,
				3D1C366923679D9100A118C8 /* Info.plist */,
			);
			path = CalculatorUITests;
			sourceTree = "<group>";
		};
		6E4B7E1E23975F3A00F98FCA /* Model */ = {
			isa = PBXGroup;
			children = (
				6E4B7E1C23975F3500F98FCA /* Calculator.swift */,
			);
			path = Model;
			sourceTree = "<group>";
		};
		6E4B7E212397648F00F98FCA /* View Controllers */ = {
			isa = PBXGroup;
			children = (
				6E4B7E1F2397648800F98FCA /* CalculatorViewController.swift */,
			);
			path = "View Controllers";
			sourceTree = "<group>";
		};
		6E4D4E462396190200EFD038 /* Storyboards */ = {
			isa = PBXGroup;
			children = (
				6E4B7E65239F36EB00F98FCA /* Main.storyboard */,
				3D1C365023679D9100A118C8 /* LaunchScreen.storyboard */,
			);
			path = Storyboards;
			sourceTree = "<group>";
		};
		6E4D4E472396191200EFD038 /* Resources */ = {
			isa = PBXGroup;
			children = (
				3D1C364E23679D9100A118C8 /* Assets.xcassets */,
				3D1C365323679D9100A118C8 /* Info.plist */,
				3D1C364523679D8E00A118C8 /* AppDelegate.swift */,
				3D1C364723679D8F00A118C8 /* SceneDelegate.swift */,
			);
			path = Resources;
			sourceTree = "<group>";
		};
/* End PBXGroup section */

/* Begin PBXNativeTarget section */
		3D1C364123679D8E00A118C8 /* Calculator */ = {
			isa = PBXNativeTarget;
			buildConfigurationList = 3D1C366C23679D9100A118C8 /* Build configuration list for PBXNativeTarget "Calculator" */;
			buildPhases = (
				3D1C363E23679D8E00A118C8 /* Sources */,
				3D1C363F23679D8E00A118C8 /* Frameworks */,
				3D1C364023679D8E00A118C8 /* Resources */,
			);
			buildRules = (
			);
			dependencies = (
			);
			name = Calculator;
			productName = Calculator;
			productReference = 3D1C364223679D8E00A118C8 /* Calculator.app */;
			productType = "com.apple.product-type.application";
		};
		3D1C365723679D9100A118C8 /* CalculatorTests */ = {
			isa = PBXNativeTarget;
			buildConfigurationList = 3D1C366F23679D9100A118C8 /* Build configuration list for PBXNativeTarget "CalculatorTests" */;
			buildPhases = (
				3D1C365423679D9100A118C8 /* Sources */,
				3D1C365523679D9100A118C8 /* Frameworks */,
				3D1C365623679D9100A118C8 /* Resources */,
			);
			buildRules = (
			);
			dependencies = (
				3D1C365A23679D9100A118C8 /* PBXTargetDependency */,
			);
			name = CalculatorTests;
			productName = CalculatorTests;
			productReference = 3D1C365823679D9100A118C8 /* CalculatorTests.xctest */;
			productType = "com.apple.product-type.bundle.unit-test";
		};
		3D1C366223679D9100A118C8 /* CalculatorUITests */ = {
			isa = PBXNativeTarget;
			buildConfigurationList = 3D1C367223679D9100A118C8 /* Build configuration list for PBXNativeTarget "CalculatorUITests" */;
			buildPhases = (
				3D1C365F23679D9100A118C8 /* Sources */,
				3D1C366023679D9100A118C8 /* Frameworks */,
				3D1C366123679D9100A118C8 /* Resources */,
			);
			buildRules = (
			);
			dependencies = (
				3D1C366523679D9100A118C8 /* PBXTargetDependency */,
			);
			name = CalculatorUITests;
			productName = CalculatorUITests;
			productReference = 3D1C366323679D9100A118C8 /* CalculatorUITests.xctest */;
			productType = "com.apple.product-type.bundle.ui-testing";
		};
/* End PBXNativeTarget section */

/* Begin PBXProject section */
		3D1C363A23679D8E00A118C8 /* Project object */ = {
			isa = PBXProject;
			attributes = {
				LastSwiftUpdateCheck = 1100;
				LastUpgradeCheck = 1100;
				ORGANIZATIONNAME = "Mitchell Budge";
				TargetAttributes = {
					3D1C364123679D8E00A118C8 = {
						CreatedOnToolsVersion = 11.0;
					};
					3D1C365723679D9100A118C8 = {
						CreatedOnToolsVersion = 11.0;
						TestTargetID = 3D1C364123679D8E00A118C8;
					};
					3D1C366223679D9100A118C8 = {
						CreatedOnToolsVersion = 11.0;
						TestTargetID = 3D1C364123679D8E00A118C8;
					};
				};
			};
			buildConfigurationList = 3D1C363D23679D8E00A118C8 /* Build configuration list for PBXProject "Calculator" */;
			compatibilityVersion = "Xcode 9.3";
			developmentRegion = en;
			hasScannedForEncodings = 0;
			knownRegions = (
				en,
				Base,
			);
			mainGroup = 3D1C363923679D8E00A118C8;
			productRefGroup = 3D1C364323679D8E00A118C8 /* Products */;
			projectDirPath = "";
			projectRoot = "";
			targets = (
				3D1C364123679D8E00A118C8 /* Calculator */,
				3D1C365723679D9100A118C8 /* CalculatorTests */,
				3D1C366223679D9100A118C8 /* CalculatorUITests */,
			);
		};
/* End PBXProject section */

/* Begin PBXResourcesBuildPhase section */
		3D1C364023679D8E00A118C8 /* Resources */ = {
			isa = PBXResourcesBuildPhase;
			buildActionMask = 2147483647;
			files = (
				6E4B7E66239F36EB00F98FCA /* Main.storyboard in Resources */,
				3D1C365223679D9100A118C8 /* LaunchScreen.storyboard in Resources */,
				3D1C364F23679D9100A118C8 /* Assets.xcassets in Resources */,
			);
			runOnlyForDeploymentPostprocessing = 0;
		};
		3D1C365623679D9100A118C8 /* Resources */ = {
			isa = PBXResourcesBuildPhase;
			buildActionMask = 2147483647;
			files = (
			);
			runOnlyForDeploymentPostprocessing = 0;
		};
		3D1C366123679D9100A118C8 /* Resources */ = {
			isa = PBXResourcesBuildPhase;
			buildActionMask = 2147483647;
			files = (
			);
			runOnlyForDeploymentPostprocessing = 0;
		};
/* End PBXResourcesBuildPhase section */

/* Begin PBXSourcesBuildPhase section */
		3D1C363E23679D8E00A118C8 /* Sources */ = {
			isa = PBXSourcesBuildPhase;
			buildActionMask = 2147483647;
			files = (
				3D1C364623679D8F00A118C8 /* AppDelegate.swift in Sources */,
				3D1C364823679D8F00A118C8 /* SceneDelegate.swift in Sources */,
				6E4B7E202397648800F98FCA /* CalculatorViewController.swift in Sources */,
				6E4B7E1D23975F3500F98FCA /* Calculator.swift in Sources */,
			);
			runOnlyForDeploymentPostprocessing = 0;
		};
		3D1C365423679D9100A118C8 /* Sources */ = {
			isa = PBXSourcesBuildPhase;
			buildActionMask = 2147483647;
			files = (
				3D1C365D23679D9100A118C8 /* CalculatorTests.swift in Sources */,
			);
			runOnlyForDeploymentPostprocessing = 0;
		};
		3D1C365F23679D9100A118C8 /* Sources */ = {
			isa = PBXSourcesBuildPhase;
			buildActionMask = 2147483647;
			files = (
				3D1C366823679D9100A118C8 /* CalculatorUITests.swift in Sources */,
			);
			runOnlyForDeploymentPostprocessing = 0;
		};
/* End PBXSourcesBuildPhase section */

/* Begin PBXTargetDependency section */
		3D1C365A23679D9100A118C8 /* PBXTargetDependency */ = {
			isa = PBXTargetDependency;
			target = 3D1C364123679D8E00A118C8 /* Calculator */;
			targetProxy = 3D1C365923679D9100A118C8 /* PBXContainerItemProxy */;
		};
		3D1C366523679D9100A118C8 /* PBXTargetDependency */ = {
			isa = PBXTargetDependency;
			target = 3D1C364123679D8E00A118C8 /* Calculator */;
			targetProxy = 3D1C366423679D9100A118C8 /* PBXContainerItemProxy */;
		};
/* End PBXTargetDependency section */

/* Begin PBXVariantGroup section */
		3D1C365023679D9100A118C8 /* LaunchScreen.storyboard */ = {
			isa = PBXVariantGroup;
			children = (
				3D1C365123679D9100A118C8 /* Base */,
			);
			name = LaunchScreen.storyboard;
			sourceTree = "<group>";
		};
/* End PBXVariantGroup section */

/* Begin XCBuildConfiguration section */
		3D1C366A23679D9100A118C8 /* Debug */ = {
			isa = XCBuildConfiguration;
			buildSettings = {
				ALWAYS_SEARCH_USER_PATHS = NO;
				CLANG_ANALYZER_NONNULL = YES;
				CLANG_ANALYZER_NUMBER_OBJECT_CONVERSION = YES_AGGRESSIVE;
				CLANG_CXX_LANGUAGE_STANDARD = "gnu++14";
				CLANG_CXX_LIBRARY = "libc++";
				CLANG_ENABLE_MODULES = YES;
				CLANG_ENABLE_OBJC_ARC = YES;
				CLANG_ENABLE_OBJC_WEAK = YES;
				CLANG_WARN_BLOCK_CAPTURE_AUTORELEASING = YES;
				CLANG_WARN_BOOL_CONVERSION = YES;
				CLANG_WARN_COMMA = YES;
				CLANG_WARN_CONSTANT_CONVERSION = YES;
				CLANG_WARN_DEPRECATED_OBJC_IMPLEMENTATIONS = YES;
				CLANG_WARN_DIRECT_OBJC_ISA_USAGE = YES_ERROR;
				CLANG_WARN_DOCUMENTATION_COMMENTS = YES;
				CLANG_WARN_EMPTY_BODY = YES;
				CLANG_WARN_ENUM_CONVERSION = YES;
				CLANG_WARN_INFINITE_RECURSION = YES;
				CLANG_WARN_INT_CONVERSION = YES;
				CLANG_WARN_NON_LITERAL_NULL_CONVERSION = YES;
				CLANG_WARN_OBJC_IMPLICIT_RETAIN_SELF = YES;
				CLANG_WARN_OBJC_LITERAL_CONVERSION = YES;
				CLANG_WARN_OBJC_ROOT_CLASS = YES_ERROR;
				CLANG_WARN_RANGE_LOOP_ANALYSIS = YES;
				CLANG_WARN_STRICT_PROTOTYPES = YES;
				CLANG_WARN_SUSPICIOUS_MOVE = YES;
				CLANG_WARN_UNGUARDED_AVAILABILITY = YES_AGGRESSIVE;
				CLANG_WARN_UNREACHABLE_CODE = YES;
				CLANG_WARN__DUPLICATE_METHOD_MATCH = YES;
				COPY_PHASE_STRIP = NO;
				DEBUG_INFORMATION_FORMAT = dwarf;
				ENABLE_STRICT_OBJC_MSGSEND = YES;
				ENABLE_TESTABILITY = YES;
				GCC_C_LANGUAGE_STANDARD = gnu11;
				GCC_DYNAMIC_NO_PIC = NO;
				GCC_NO_COMMON_BLOCKS = YES;
				GCC_OPTIMIZATION_LEVEL = 0;
				GCC_PREPROCESSOR_DEFINITIONS = (
					"DEBUG=1",
					"$(inherited)",
				);
				GCC_WARN_64_TO_32_BIT_CONVERSION = YES;
				GCC_WARN_ABOUT_RETURN_TYPE = YES_ERROR;
				GCC_WARN_UNDECLARED_SELECTOR = YES;
				GCC_WARN_UNINITIALIZED_AUTOS = YES_AGGRESSIVE;
				GCC_WARN_UNUSED_FUNCTION = YES;
				GCC_WARN_UNUSED_VARIABLE = YES;
				IPHONEOS_DEPLOYMENT_TARGET = 13.0;
				MTL_ENABLE_DEBUG_INFO = INCLUDE_SOURCE;
				MTL_FAST_MATH = YES;
				ONLY_ACTIVE_ARCH = YES;
				SDKROOT = iphoneos;
				SWIFT_ACTIVE_COMPILATION_CONDITIONS = DEBUG;
				SWIFT_OPTIMIZATION_LEVEL = "-Onone";
			};
			name = Debug;
		};
		3D1C366B23679D9100A118C8 /* Release */ = {
			isa = XCBuildConfiguration;
			buildSettings = {
				ALWAYS_SEARCH_USER_PATHS = NO;
				CLANG_ANALYZER_NONNULL = YES;
				CLANG_ANALYZER_NUMBER_OBJECT_CONVERSION = YES_AGGRESSIVE;
				CLANG_CXX_LANGUAGE_STANDARD = "gnu++14";
				CLANG_CXX_LIBRARY = "libc++";
				CLANG_ENABLE_MODULES = YES;
				CLANG_ENABLE_OBJC_ARC = YES;
				CLANG_ENABLE_OBJC_WEAK = YES;
				CLANG_WARN_BLOCK_CAPTURE_AUTORELEASING = YES;
				CLANG_WARN_BOOL_CONVERSION = YES;
				CLANG_WARN_COMMA = YES;
				CLANG_WARN_CONSTANT_CONVERSION = YES;
				CLANG_WARN_DEPRECATED_OBJC_IMPLEMENTATIONS = YES;
				CLANG_WARN_DIRECT_OBJC_ISA_USAGE = YES_ERROR;
				CLANG_WARN_DOCUMENTATION_COMMENTS = YES;
				CLANG_WARN_EMPTY_BODY = YES;
				CLANG_WARN_ENUM_CONVERSION = YES;
				CLANG_WARN_INFINITE_RECURSION = YES;
				CLANG_WARN_INT_CONVERSION = YES;
				CLANG_WARN_NON_LITERAL_NULL_CONVERSION = YES;
				CLANG_WARN_OBJC_IMPLICIT_RETAIN_SELF = YES;
				CLANG_WARN_OBJC_LITERAL_CONVERSION = YES;
				CLANG_WARN_OBJC_ROOT_CLASS = YES_ERROR;
				CLANG_WARN_RANGE_LOOP_ANALYSIS = YES;
				CLANG_WARN_STRICT_PROTOTYPES = YES;
				CLANG_WARN_SUSPICIOUS_MOVE = YES;
				CLANG_WARN_UNGUARDED_AVAILABILITY = YES_AGGRESSIVE;
				CLANG_WARN_UNREACHABLE_CODE = YES;
				CLANG_WARN__DUPLICATE_METHOD_MATCH = YES;
				COPY_PHASE_STRIP = NO;
				DEBUG_INFORMATION_FORMAT = "dwarf-with-dsym";
				ENABLE_NS_ASSERTIONS = NO;
				ENABLE_STRICT_OBJC_MSGSEND = YES;
				GCC_C_LANGUAGE_STANDARD = gnu11;
				GCC_NO_COMMON_BLOCKS = YES;
				GCC_WARN_64_TO_32_BIT_CONVERSION = YES;
				GCC_WARN_ABOUT_RETURN_TYPE = YES_ERROR;
				GCC_WARN_UNDECLARED_SELECTOR = YES;
				GCC_WARN_UNINITIALIZED_AUTOS = YES_AGGRESSIVE;
				GCC_WARN_UNUSED_FUNCTION = YES;
				GCC_WARN_UNUSED_VARIABLE = YES;
				IPHONEOS_DEPLOYMENT_TARGET = 13.0;
				MTL_ENABLE_DEBUG_INFO = NO;
				MTL_FAST_MATH = YES;
				SDKROOT = iphoneos;
				SWIFT_COMPILATION_MODE = wholemodule;
				SWIFT_OPTIMIZATION_LEVEL = "-O";
				VALIDATE_PRODUCT = YES;
			};
			name = Release;
		};
		3D1C366D23679D9100A118C8 /* Debug */ = {
			isa = XCBuildConfiguration;
			buildSettings = {
				ASSETCATALOG_COMPILER_APPICON_NAME = AppIcon;
				CODE_SIGN_STYLE = Automatic;
				DEVELOPMENT_TEAM = K3F959XXFV;
				INFOPLIST_FILE = Calculator/Resources/Info.plist;
				LD_RUNPATH_SEARCH_PATHS = (
					"$(inherited)",
					"@executable_path/Frameworks",
				);
				PRODUCT_BUNDLE_IDENTIFIER = com.mitchellbudge.Calculator;
				PRODUCT_NAME = "$(TARGET_NAME)";
				SWIFT_VERSION = 5.0;
				TARGETED_DEVICE_FAMILY = "1,2";
			};
			name = Debug;
		};
		3D1C366E23679D9100A118C8 /* Release */ = {
			isa = XCBuildConfiguration;
			buildSettings = {
				ASSETCATALOG_COMPILER_APPICON_NAME = AppIcon;
				CODE_SIGN_STYLE = Automatic;
				DEVELOPMENT_TEAM = K3F959XXFV;
				INFOPLIST_FILE = Calculator/Resources/Info.plist;
				LD_RUNPATH_SEARCH_PATHS = (
					"$(inherited)",
					"@executable_path/Frameworks",
				);
				PRODUCT_BUNDLE_IDENTIFIER = com.mitchellbudge.Calculator;
				PRODUCT_NAME = "$(TARGET_NAME)";
				SWIFT_VERSION = 5.0;
				TARGETED_DEVICE_FAMILY = "1,2";
			};
			name = Release;
		};
		3D1C367023679D9100A118C8 /* Debug */ = {
			isa = XCBuildConfiguration;
			buildSettings = {
				ALWAYS_EMBED_SWIFT_STANDARD_LIBRARIES = YES;
				BUNDLE_LOADER = "$(TEST_HOST)";
				CODE_SIGN_STYLE = Automatic;
				DEVELOPMENT_TEAM = K3F959XXFV;
				INFOPLIST_FILE = CalculatorTests/Info.plist;
				IPHONEOS_DEPLOYMENT_TARGET = 13.0;
				LD_RUNPATH_SEARCH_PATHS = (
					"$(inherited)",
					"@executable_path/Frameworks",
					"@loader_path/Frameworks",
				);
				PRODUCT_BUNDLE_IDENTIFIER = com.mitchellbudge.CalculatorTests;
				PRODUCT_NAME = "$(TARGET_NAME)";
				SWIFT_VERSION = 5.0;
				TARGETED_DEVICE_FAMILY = "1,2";
				TEST_HOST = "$(BUILT_PRODUCTS_DIR)/Calculator.app/Calculator";
			};
			name = Debug;
		};
		3D1C367123679D9100A118C8 /* Release */ = {
			isa = XCBuildConfiguration;
			buildSettings = {
				ALWAYS_EMBED_SWIFT_STANDARD_LIBRARIES = YES;
				BUNDLE_LOADER = "$(TEST_HOST)";
				CODE_SIGN_STYLE = Automatic;
				DEVELOPMENT_TEAM = K3F959XXFV;
				INFOPLIST_FILE = CalculatorTests/Info.plist;
				IPHONEOS_DEPLOYMENT_TARGET = 13.0;
				LD_RUNPATH_SEARCH_PATHS = (
					"$(inherited)",
					"@executable_path/Frameworks",
					"@loader_path/Frameworks",
				);
				PRODUCT_BUNDLE_IDENTIFIER = com.mitchellbudge.CalculatorTests;
				PRODUCT_NAME = "$(TARGET_NAME)";
				SWIFT_VERSION = 5.0;
				TARGETED_DEVICE_FAMILY = "1,2";
				TEST_HOST = "$(BUILT_PRODUCTS_DIR)/Calculator.app/Calculator";
			};
			name = Release;
		};
		3D1C367323679D9100A118C8 /* Debug */ = {
			isa = XCBuildConfiguration;
			buildSettings = {
				ALWAYS_EMBED_SWIFT_STANDARD_LIBRARIES = YES;
				CODE_SIGN_STYLE = Automatic;
				DEVELOPMENT_TEAM = K3F959XXFV;
				INFOPLIST_FILE = CalculatorUITests/Info.plist;
				LD_RUNPATH_SEARCH_PATHS = (
					"$(inherited)",
					"@executable_path/Frameworks",
					"@loader_path/Frameworks",
				);
				PRODUCT_BUNDLE_IDENTIFIER = com.mitchellbudge.CalculatorUITests;
				PRODUCT_NAME = "$(TARGET_NAME)";
				SWIFT_VERSION = 5.0;
				TARGETED_DEVICE_FAMILY = "1,2";
				TEST_TARGET_NAME = Calculator;
			};
			name = Debug;
		};
		3D1C367423679D9100A118C8 /* Release */ = {
			isa = XCBuildConfiguration;
			buildSettings = {
				ALWAYS_EMBED_SWIFT_STANDARD_LIBRARIES = YES;
				CODE_SIGN_STYLE = Automatic;
				DEVELOPMENT_TEAM = K3F959XXFV;
				INFOPLIST_FILE = CalculatorUITests/Info.plist;
				LD_RUNPATH_SEARCH_PATHS = (
					"$(inherited)",
					"@executable_path/Frameworks",
					"@loader_path/Frameworks",
				);
				PRODUCT_BUNDLE_IDENTIFIER = com.mitchellbudge.CalculatorUITests;
				PRODUCT_NAME = "$(TARGET_NAME)";
				SWIFT_VERSION = 5.0;
				TARGETED_DEVICE_FAMILY = "1,2";
				TEST_TARGET_NAME = Calculator;
			};
			name = Release;
		};
/* End XCBuildConfiguration section */

/* Begin XCConfigurationList section */
		3D1C363D23679D8E00A118C8 /* Build configuration list for PBXProject "Calculator" */ = {
			isa = XCConfigurationList;
			buildConfigurations = (
				3D1C366A23679D9100A118C8 /* Debug */,
				3D1C366B23679D9100A118C8 /* Release */,
			);
			defaultConfigurationIsVisible = 0;
			defaultConfigurationName = Release;
		};
		3D1C366C23679D9100A118C8 /* Build configuration list for PBXNativeTarget "Calculator" */ = {
			isa = XCConfigurationList;
			buildConfigurations = (
				3D1C366D23679D9100A118C8 /* Debug */,
				3D1C366E23679D9100A118C8 /* Release */,
			);
			defaultConfigurationIsVisible = 0;
			defaultConfigurationName = Release;
		};
		3D1C366F23679D9100A118C8 /* Build configuration list for PBXNativeTarget "CalculatorTests" */ = {
			isa = XCConfigurationList;
			buildConfigurations = (
				3D1C367023679D9100A118C8 /* Debug */,
				3D1C367123679D9100A118C8 /* Release */,
			);
			defaultConfigurationIsVisible = 0;
			defaultConfigurationName = Release;
		};
		3D1C367223679D9100A118C8 /* Build configuration list for PBXNativeTarget "CalculatorUITests" */ = {
			isa = XCConfigurationList;
			buildConfigurations = (
				3D1C367323679D9100A118C8 /* Debug */,
				3D1C367423679D9100A118C8 /* Release */,
			);
			defaultConfigurationIsVisible = 0;
			defaultConfigurationName = Release;
		};
/* End XCConfigurationList section */
	};
	rootObject = 3D1C363A23679D8E00A118C8 /* Project object */;
}
